
Microsoft Visual Studio Solution File, Format Version 12.00
# Visual Studio Version 17
VisualStudioVersion = 17.6.33829.357
MinimumVisualStudioVersion = 10.0.40219.1
Project("{9A19103F-16F7-4668-BE54-9A1E7A4F7556}") = "KeyVault", "KeyVault\KeyVault.csproj", "{66BE5E0A-5998-4B36-A189-B7A4FE199C19}"
EndProject
Global
	GlobalSection(SolutionConfigurationPlatforms) = preSolution
		Debug|Any CPU = Debug|Any CPU
		Release|Any CPU = Release|Any CPU
	EndGlobalSection
	GlobalSection(ProjectConfigurationPlatforms) = postSolution
		{66BE5E0A-5998-4B36-A189-B7A4FE199C19}.Debug|Any CPU.ActiveCfg = Debug|Any CPU
		{66BE5E0A-5998-4B36-A189-B7A4FE199C19}.Debug|Any CPU.Build.0 = Debug|Any CPU
		{66BE5E0A-5998-4B36-A189-B7A4FE199C19}.Release|Any CPU.ActiveCfg = Release|Any CPU
		{66BE5E0A-5998-4B36-A189-B7A4FE199C19}.Release|Any CPU.Build.0 = Release|Any CPU
	EndGlobalSection
	GlobalSection(SolutionProperties) = preSolution
		HideSolutionNode = FALSE
	EndGlobalSection
	GlobalSection(ExtensibilityGlobals) = postSolution
		SolutionGuid = {670271E9-02A8-42F7-8CCA-291BF1E7FF34}
	EndGlobalSection
EndGlobal
